
Microsoft Visual Studio Solution File, Format Version 12.00
# Visual Studio Version 17
VisualStudioVersion = 17.0.31808.319
MinimumVisualStudioVersion = 10.0.40219.1
Project("{2150E333-8FDC-42A3-9474-1A3956D46DE8}") = "src", "src", "{AB9181E6-C721-4EA8-B75C-E69709EFA4B6}"
EndProject
Project("{2150E333-8FDC-42A3-9474-1A3956D46DE8}") = "tests", "tests", "{6E4E4629-DA87-4B2C-93BD-74AF116F9806}"
EndProject
Project("{9A19103F-16F7-4668-BE54-9A1E7A4F7556}") = "WeatherForecast.App", "src\WeatherForecast.App\WeatherForecast.App.csproj", "{77A19E9A-A566-4D45-957C-037CA2F36DD6}"
EndProject
Project("{9A19103F-16F7-4668-BE54-9A1E7A4F7556}") = "WeatherForecast.Api", "src\WeatherForecast.Api\WeatherForecast.Api.csproj", "{F2316DAF-4460-453B-A931-2CB87AF8C17A}"
EndProject
Project("{9A19103F-16F7-4668-BE54-9A1E7A4F7556}") = "WeatherForecast.Api.IntegrationTests", "tests\WeatherForecast.Api.IntegrationTests\WeatherForecast.Api.IntegrationTests.csproj", "{674FAB8C-F75D-47BC-8E31-072F1615841C}"
EndProject
Project("{9A19103F-16F7-4668-BE54-9A1E7A4F7556}") = "WeatherForecast.Models", "src\WeatherForecast.Models\WeatherForecast.Models.csproj", "{4A14DDA7-B4E6-4911-8D6E-F5E61F632A80}"
EndProject
Project("{9A19103F-16F7-4668-BE54-9A1E7A4F7556}") = "WeatherForecast.Api.Tests", "tests\WeatherForecast.Api.Tests\WeatherForecast.Api.Tests.csproj", "{F4BF4B16-F852-4AF2-9887-AC51241A9131}"
EndProject
Global
	GlobalSection(SolutionConfigurationPlatforms) = preSolution
		Debug|Any CPU = Debug|Any CPU
		Release|Any CPU = Release|Any CPU
	EndGlobalSection
	GlobalSection(ProjectConfigurationPlatforms) = postSolution
		{77A19E9A-A566-4D45-957C-037CA2F36DD6}.Debug|Any CPU.ActiveCfg = Debug|Any CPU
		{77A19E9A-A566-4D45-957C-037CA2F36DD6}.Debug|Any CPU.Build.0 = Debug|Any CPU
		{77A19E9A-A566-4D45-957C-037CA2F36DD6}.Release|Any CPU.ActiveCfg = Release|Any CPU
		{77A19E9A-A566-4D45-957C-037CA2F36DD6}.Release|Any CPU.Build.0 = Release|Any CPU
		{F2316DAF-4460-453B-A931-2CB87AF8C17A}.Debug|Any CPU.ActiveCfg = Debug|Any CPU
		{F2316DAF-4460-453B-A931-2CB87AF8C17A}.Debug|Any CPU.Build.0 = Debug|Any CPU
		{F2316DAF-4460-453B-A931-2CB87AF8C17A}.Release|Any CPU.ActiveCfg = Release|Any CPU
		{F2316DAF-4460-453B-A931-2CB87AF8C17A}.Release|Any CPU.Build.0 = Release|Any CPU
		{674FAB8C-F75D-47BC-8E31-072F1615841C}.Debug|Any CPU.ActiveCfg = Debug|Any CPU
		{674FAB8C-F75D-47BC-8E31-072F1615841C}.Debug|Any CPU.Build.0 = Debug|Any CPU
		{674FAB8C-F75D-47BC-8E31-072F1615841C}.Release|Any CPU.ActiveCfg = Release|Any CPU
		{674FAB8C-F75D-47BC-8E31-072F1615841C}.Release|Any CPU.Build.0 = Release|Any CPU
		{4A14DDA7-B4E6-4911-8D6E-F5E61F632A80}.Debug|Any CPU.ActiveCfg = Debug|Any CPU
		{4A14DDA7-B4E6-4911-8D6E-F5E61F632A80}.Debug|Any CPU.Build.0 = Debug|Any CPU
		{4A14DDA7-B4E6-4911-8D6E-F5E61F632A80}.Release|Any CPU.ActiveCfg = Release|Any CPU
		{4A14DDA7-B4E6-4911-8D6E-F5E61F632A80}.Release|Any CPU.Build.0 = Release|Any CPU
		{F4BF4B16-F852-4AF2-9887-AC51241A9131}.Debug|Any CPU.ActiveCfg = Debug|Any CPU
		{F4BF4B16-F852-4AF2-9887-AC51241A9131}.Debug|Any CPU.Build.0 = Debug|Any CPU
		{F4BF4B16-F852-4AF2-9887-AC51241A9131}.Release|Any CPU.ActiveCfg = Release|Any CPU
		{F4BF4B16-F852-4AF2-9887-AC51241A9131}.Release|Any CPU.Build.0 = Release|Any CPU
	EndGlobalSection
	GlobalSection(SolutionProperties) = preSolution
		HideSolutionNode = FALSE
	EndGlobalSection
	GlobalSection(NestedProjects) = preSolution
		{77A19E9A-A566-4D45-957C-037CA2F36DD6} = {AB9181E6-C721-4EA8-B75C-E69709EFA4B6}
		{F2316DAF-4460-453B-A931-2CB87AF8C17A} = {AB9181E6-C721-4EA8-B75C-E69709EFA4B6}
		{674FAB8C-F75D-47BC-8E31-072F1615841C} = {6E4E4629-DA87-4B2C-93BD-74AF116F9806}
		{4A14DDA7-B4E6-4911-8D6E-F5E61F632A80} = {AB9181E6-C721-4EA8-B75C-E69709EFA4B6}
		{F4BF4B16-F852-4AF2-9887-AC51241A9131} = {6E4E4629-DA87-4B2C-93BD-74AF116F9806}
	EndGlobalSection
	GlobalSection(ExtensibilityGlobals) = postSolution
		SolutionGuid = {19CFE175-6F8D-4D5A-B7AA-6D7B7ACA8C3F}
	EndGlobalSection
EndGlobal
